
Microsoft Visual Studio Solution File, Format Version 12.00
# Visual Studio Version 17
VisualStudioVersion = 17.10.35013.160
MinimumVisualStudioVersion = 10.0.40219.1
Project("{FAE04EC0-301F-11D3-BF4B-00C04F79EFBC}") = "ParallelismHW", "ParallelismHW\ParallelismHW.csproj", "{202C8C8B-F8FD-4874-989E-C7CEAD5B1230}"
EndProject
Global
	GlobalSection(SolutionConfigurationPlatforms) = preSolution
		Debug|Any CPU = Debug|Any CPU
		Release|Any CPU = Release|Any CPU
	EndGlobalSection
	GlobalSection(ProjectConfigurationPlatforms) = postSolution
		{202C8C8B-F8FD-4874-989E-C7CEAD5B1230}.Debug|Any CPU.ActiveCfg = Debug|Any CPU
		{202C8C8B-F8FD-4874-989E-C7CEAD5B1230}.Debug|Any CPU.Build.0 = Debug|Any CPU
		{202C8C8B-F8FD-4874-989E-C7CEAD5B1230}.Release|Any CPU.ActiveCfg = Release|Any CPU
		{202C8C8B-F8FD-4874-989E-C7CEAD5B1230}.Release|Any CPU.Build.0 = Release|Any CPU
	EndGlobalSection
	GlobalSection(SolutionProperties) = preSolution
		HideSolutionNode = FALSE
	EndGlobalSection
	GlobalSection(ExtensibilityGlobals) = postSolution
		SolutionGuid = {97FD52D8-1F05-432B-B846-3F31764CFE0B}
	EndGlobalSection
EndGlobal
